// !$*UTF8*$!
{
	archiveVersion = 1;
	classes = {
	};
	objectVersion = 50;
	objects = {

/* Begin PBXBuildFile section */
		AA9EA214214BB8ED00DD1AE1 /* LoadingIndicator.swift in Sources */ = {isa = PBXBuildFile; fileRef = AA9EA213214BB8ED00DD1AE1 /* LoadingIndicator.swift */; };
		AA9EA216214BBFCF00DD1AE1 /* UIViewControllerEx.swift in Sources */ = {isa = PBXBuildFile; fileRef = AA9EA215214BBFCF00DD1AE1 /* UIViewControllerEx.swift */; };
		AADFE5FD21496CA100A33925 /* AppDelegate.swift in Sources */ = {isa = PBXBuildFile; fileRef = AADFE5FC21496CA100A33925 /* AppDelegate.swift */; };
		AADFE5FF21496CA100A33925 /* SWListViewController.swift in Sources */ = {isa = PBXBuildFile; fileRef = AADFE5FE21496CA100A33925 /* SWListViewController.swift */; };
		AADFE60221496CA100A33925 /* Main.storyboard in Resources */ = {isa = PBXBuildFile; fileRef = AADFE60021496CA100A33925 /* Main.storyboard */; };
		AADFE60521496CA100A33925 /* TheLastJedi.xcdatamodeld in Sources */ = {isa = PBXBuildFile; fileRef = AADFE60321496CA100A33925 /* TheLastJedi.xcdatamodeld */; };
		AADFE60721496CA100A33925 /* Assets.xcassets in Resources */ = {isa = PBXBuildFile; fileRef = AADFE60621496CA100A33925 /* Assets.xcassets */; };
		AADFE60A21496CA100A33925 /* LaunchScreen.storyboard in Resources */ = {isa = PBXBuildFile; fileRef = AADFE60821496CA100A33925 /* LaunchScreen.storyboard */; };
		AADFE61521496CA200A33925 /* TheLastJediTests.swift in Sources */ = {isa = PBXBuildFile; fileRef = AADFE61421496CA200A33925 /* TheLastJediTests.swift */; };
		AADFE62021496CA200A33925 /* TheLastJediUITests.swift in Sources */ = {isa = PBXBuildFile; fileRef = AADFE61F21496CA200A33925 /* TheLastJediUITests.swift */; };
		AADFE63121496D8600A33925 /* SWAboutMeViewController.swift in Sources */ = {isa = PBXBuildFile; fileRef = AADFE63021496D8600A33925 /* SWAboutMeViewController.swift */; };
		AADFE63521496EFB00A33925 /* SWPeopleCell.swift in Sources */ = {isa = PBXBuildFile; fileRef = AADFE63321496EFB00A33925 /* SWPeopleCell.swift */; };
		AADFE63621496EFB00A33925 /* SWPeopleCell.xib in Resources */ = {isa = PBXBuildFile; fileRef = AADFE63421496EFB00A33925 /* SWPeopleCell.xib */; };
		AADFE63B214970C800A33925 /* SWListButtonView.swift in Sources */ = {isa = PBXBuildFile; fileRef = AADFE639214970C800A33925 /* SWListButtonView.swift */; };
		AADFE64121497EE400A33925 /* SWListDetailViewController.swift in Sources */ = {isa = PBXBuildFile; fileRef = AADFE64021497EE400A33925 /* SWListDetailViewController.swift */; };
		AADFE6442149844800A33925 /* Alamofire.framework in Frameworks */ = {isa = PBXBuildFile; fileRef = AADFE6432149844800A33925 /* Alamofire.framework */; };
		AADFE6482149857700A33925 /* NetworkManager.swift in Sources */ = {isa = PBXBuildFile; fileRef = AADFE6472149857700A33925 /* NetworkManager.swift */; };
		AADFE64A2149876800A33925 /* Constants.swift in Sources */ = {isa = PBXBuildFile; fileRef = AADFE6492149876800A33925 /* Constants.swift */; };
		AADFE64C2149884B00A33925 /* SWPeople.swift in Sources */ = {isa = PBXBuildFile; fileRef = AADFE64B2149884B00A33925 /* SWPeople.swift */; };
		AADFE64E2149885800A33925 /* SWPlanet.swift in Sources */ = {isa = PBXBuildFile; fileRef = AADFE64D2149885800A33925 /* SWPlanet.swift */; };
		AADFE6502149886600A33925 /* SWStarship.swift in Sources */ = {isa = PBXBuildFile; fileRef = AADFE64F2149886600A33925 /* SWStarship.swift */; };
		AADFE65221498A7E00A33925 /* SWListHelper.swift in Sources */ = {isa = PBXBuildFile; fileRef = AADFE65121498A7E00A33925 /* SWListHelper.swift */; };
		AADFE6552149975600A33925 /* SWPlanetCell.swift in Sources */ = {isa = PBXBuildFile; fileRef = AADFE6532149975600A33925 /* SWPlanetCell.swift */; };
		AADFE6562149975600A33925 /* SWPlanetCell.xib in Resources */ = {isa = PBXBuildFile; fileRef = AADFE6542149975600A33925 /* SWPlanetCell.xib */; };
		AADFE6592149976900A33925 /* SWStarshipCell.swift in Sources */ = {isa = PBXBuildFile; fileRef = AADFE6572149976900A33925 /* SWStarshipCell.swift */; };
		AADFE65A2149976900A33925 /* SWStarshipCell.xib in Resources */ = {isa = PBXBuildFile; fileRef = AADFE6582149976900A33925 /* SWStarshipCell.xib */; };
		AADFE65D214A38C900A33925 /* UIImageViewEx.swift in Sources */ = {isa = PBXBuildFile; fileRef = AADFE65C214A38C900A33925 /* UIImageViewEx.swift */; };
		AADFE65F214A43DC00A33925 /* SWImage.swift in Sources */ = {isa = PBXBuildFile; fileRef = AADFE65E214A43DC00A33925 /* SWImage.swift */; };
		AADFE661214A6E6F00A33925 /* UIStoryboardEx.swift in Sources */ = {isa = PBXBuildFile; fileRef = AADFE660214A6E6F00A33925 /* UIStoryboardEx.swift */; };
		AADFE663214A6ECC00A33925 /* ListDetail.storyboard in Resources */ = {isa = PBXBuildFile; fileRef = AADFE662214A6ECC00A33925 /* ListDetail.storyboard */; };
		AADFE667214A6FE900A33925 /* SWPeopleDetailView.swift in Sources */ = {isa = PBXBuildFile; fileRef = AADFE666214A6FE900A33925 /* SWPeopleDetailView.swift */; };
		AADFE669214A6FF600A33925 /* SWPlanetDetailView.swift in Sources */ = {isa = PBXBuildFile; fileRef = AADFE668214A6FF600A33925 /* SWPlanetDetailView.swift */; };
		AADFE66B214A700400A33925 /* SWStarshipDetailView.swift in Sources */ = {isa = PBXBuildFile; fileRef = AADFE66A214A700400A33925 /* SWStarshipDetailView.swift */; };
		AADFE66D214A70F800A33925 /* SWPeopleDetailView.xib in Resources */ = {isa = PBXBuildFile; fileRef = AADFE66C214A70F800A33925 /* SWPeopleDetailView.xib */; };
		AADFE66F214A7A1900A33925 /* SWPlanetDetailView.xib in Resources */ = {isa = PBXBuildFile; fileRef = AADFE66E214A7A1900A33925 /* SWPlanetDetailView.xib */; };
		AADFE671214A7A3000A33925 /* SWStarshipDetailView.xib in Resources */ = {isa = PBXBuildFile; fileRef = AADFE670214A7A3000A33925 /* SWStarshipDetailView.xib */; };
		AADFE676214ABA8200A33925 /* SWAboutMeHelper.swift in Sources */ = {isa = PBXBuildFile; fileRef = AADFE675214ABA8200A33925 /* SWAboutMeHelper.swift */; };
		AADFE678214ABB1900A33925 /* SWAboutMe.swift in Sources */ = {isa = PBXBuildFile; fileRef = AADFE677214ABB1900A33925 /* SWAboutMe.swift */; };
		AADFE67C214AEC4C00A33925 /* SWListViewControllerEx.swift in Sources */ = {isa = PBXBuildFile; fileRef = AADFE67B214AEC4C00A33925 /* SWListViewControllerEx.swift */; };
		AADFE67E214B8D8D00A33925 /* Colors.swift in Sources */ = {isa = PBXBuildFile; fileRef = AADFE67D214B8D8D00A33925 /* Colors.swift */; };
		AADFE682214B8E5E00A33925 /* Localizable.strings in Resources */ = {isa = PBXBuildFile; fileRef = AADFE681214B8E5E00A33925 /* Localizable.strings */; };
		AADFE684214B8E7D00A33925 /* StringEx.swift in Sources */ = {isa = PBXBuildFile; fileRef = AADFE683214B8E7D00A33925 /* StringEx.swift */; };
/* End PBXBuildFile section */

/* Begin PBXContainerItemProxy section */
		AADFE61121496CA200A33925 /* PBXContainerItemProxy */ = {
			isa = PBXContainerItemProxy;
			containerPortal = AADFE5F121496CA100A33925 /* Project object */;
			proxyType = 1;
			remoteGlobalIDString = AADFE5F821496CA100A33925;
			remoteInfo = TheLastJedi;
		};
		AADFE61C21496CA200A33925 /* PBXContainerItemProxy */ = {
			isa = PBXContainerItemProxy;
			containerPortal = AADFE5F121496CA100A33925 /* Project object */;
			proxyType = 1;
			remoteGlobalIDString = AADFE5F821496CA100A33925;
			remoteInfo = TheLastJedi;
		};
/* End PBXContainerItemProxy section */

/* Begin PBXFileReference section */
		AA9EA213214BB8ED00DD1AE1 /* LoadingIndicator.swift */ = {isa = PBXFileReference; lastKnownFileType = sourcecode.swift; path = LoadingIndicator.swift; sourceTree = "<group>"; };
		AA9EA215214BBFCF00DD1AE1 /* UIViewControllerEx.swift */ = {isa = PBXFileReference; lastKnownFileType = sourcecode.swift; path = UIViewControllerEx.swift; sourceTree = "<group>"; };
		AADFE5F921496CA100A33925 /* TheLastJedi.app */ = {isa = PBXFileReference; explicitFileType = wrapper.application; includeInIndex = 0; path = TheLastJedi.app; sourceTree = BUILT_PRODUCTS_DIR; };
		AADFE5FC21496CA100A33925 /* AppDelegate.swift */ = {isa = PBXFileReference; lastKnownFileType = sourcecode.swift; path = AppDelegate.swift; sourceTree = "<group>"; };
		AADFE5FE21496CA100A33925 /* SWListViewController.swift */ = {isa = PBXFileReference; lastKnownFileType = sourcecode.swift; path = SWListViewController.swift; sourceTree = "<group>"; };
		AADFE60121496CA100A33925 /* Base */ = {isa = PBXFileReference; lastKnownFileType = file.storyboard; name = Base; path = Base.lproj/Main.storyboard; sourceTree = "<group>"; };
		AADFE60421496CA100A33925 /* TheLastJedi.xcdatamodel */ = {isa = PBXFileReference; lastKnownFileType = wrapper.xcdatamodel; path = TheLastJedi.xcdatamodel; sourceTree = "<group>"; };
		AADFE60621496CA100A33925 /* Assets.xcassets */ = {isa = PBXFileReference; lastKnownFileType = folder.assetcatalog; path = Assets.xcassets; sourceTree = "<group>"; };
		AADFE60921496CA100A33925 /* Base */ = {isa = PBXFileReference; lastKnownFileType = file.storyboard; name = Base; path = Base.lproj/LaunchScreen.storyboard; sourceTree = "<group>"; };
		AADFE60B21496CA100A33925 /* Info.plist */ = {isa = PBXFileReference; lastKnownFileType = text.plist.xml; path = Info.plist; sourceTree = "<group>"; };
		AADFE61021496CA200A33925 /* TheLastJediTests.xctest */ = {isa = PBXFileReference; explicitFileType = wrapper.cfbundle; includeInIndex = 0; path = TheLastJediTests.xctest; sourceTree = BUILT_PRODUCTS_DIR; };
		AADFE61421496CA200A33925 /* TheLastJediTests.swift */ = {isa = PBXFileReference; lastKnownFileType = sourcecode.swift; path = TheLastJediTests.swift; sourceTree = "<group>"; };
		AADFE61621496CA200A33925 /* Info.plist */ = {isa = PBXFileReference; lastKnownFileType = text.plist.xml; path = Info.plist; sourceTree = "<group>"; };
		AADFE61B21496CA200A33925 /* TheLastJediUITests.xctest */ = {isa = PBXFileReference; explicitFileType = wrapper.cfbundle; includeInIndex = 0; path = TheLastJediUITests.xctest; sourceTree = BUILT_PRODUCTS_DIR; };
		AADFE61F21496CA200A33925 /* TheLastJediUITests.swift */ = {isa = PBXFileReference; lastKnownFileType = sourcecode.swift; path = TheLastJediUITests.swift; sourceTree = "<group>"; };
		AADFE62121496CA200A33925 /* Info.plist */ = {isa = PBXFileReference; lastKnownFileType = text.plist.xml; path = Info.plist; sourceTree = "<group>"; };
		AADFE63021496D8600A33925 /* SWAboutMeViewController.swift */ = {isa = PBXFileReference; lastKnownFileType = sourcecode.swift; path = SWAboutMeViewController.swift; sourceTree = "<group>"; };
		AADFE63321496EFB00A33925 /* SWPeopleCell.swift */ = {isa = PBXFileReference; lastKnownFileType = sourcecode.swift; path = SWPeopleCell.swift; sourceTree = "<group>"; };
		AADFE63421496EFB00A33925 /* SWPeopleCell.xib */ = {isa = PBXFileReference; lastKnownFileType = file.xib; path = SWPeopleCell.xib; sourceTree = "<group>"; };
		AADFE639214970C800A33925 /* SWListButtonView.swift */ = {isa = PBXFileReference; lastKnownFileType = sourcecode.swift; path = SWListButtonView.swift; sourceTree = "<group>"; };
		AADFE64021497EE400A33925 /* SWListDetailViewController.swift */ = {isa = PBXFileReference; lastKnownFileType = sourcecode.swift; path = SWListDetailViewController.swift; sourceTree = "<group>"; };
		AADFE6432149844800A33925 /* Alamofire.framework */ = {isa = PBXFileReference; lastKnownFileType = wrapper.framework; name = Alamofire.framework; path = Carthage/Build/iOS/Alamofire.framework; sourceTree = "<group>"; };
		AADFE6472149857700A33925 /* NetworkManager.swift */ = {isa = PBXFileReference; lastKnownFileType = sourcecode.swift; path = NetworkManager.swift; sourceTree = "<group>"; };
		AADFE6492149876800A33925 /* Constants.swift */ = {isa = PBXFileReference; lastKnownFileType = sourcecode.swift; path = Constants.swift; sourceTree = "<group>"; };
		AADFE64B2149884B00A33925 /* SWPeople.swift */ = {isa = PBXFileReference; lastKnownFileType = sourcecode.swift; path = SWPeople.swift; sourceTree = "<group>"; };
		AADFE64D2149885800A33925 /* SWPlanet.swift */ = {isa = PBXFileReference; lastKnownFileType = sourcecode.swift; path = SWPlanet.swift; sourceTree = "<group>"; };
		AADFE64F2149886600A33925 /* SWStarship.swift */ = {isa = PBXFileReference; lastKnownFileType = sourcecode.swift; path = SWStarship.swift; sourceTree = "<group>"; };
		AADFE65121498A7E00A33925 /* SWListHelper.swift */ = {isa = PBXFileReference; lastKnownFileType = sourcecode.swift; path = SWListHelper.swift; sourceTree = "<group>"; };
		AADFE6532149975600A33925 /* SWPlanetCell.swift */ = {isa = PBXFileReference; lastKnownFileType = sourcecode.swift; path = SWPlanetCell.swift; sourceTree = "<group>"; };
		AADFE6542149975600A33925 /* SWPlanetCell.xib */ = {isa = PBXFileReference; lastKnownFileType = file.xib; path = SWPlanetCell.xib; sourceTree = "<group>"; };
		AADFE6572149976900A33925 /* SWStarshipCell.swift */ = {isa = PBXFileReference; lastKnownFileType = sourcecode.swift; path = SWStarshipCell.swift; sourceTree = "<group>"; };
		AADFE6582149976900A33925 /* SWStarshipCell.xib */ = {isa = PBXFileReference; lastKnownFileType = file.xib; path = SWStarshipCell.xib; sourceTree = "<group>"; };
		AADFE65C214A38C900A33925 /* UIImageViewEx.swift */ = {isa = PBXFileReference; lastKnownFileType = sourcecode.swift; path = UIImageViewEx.swift; sourceTree = "<group>"; };
		AADFE65E214A43DC00A33925 /* SWImage.swift */ = {isa = PBXFileReference; lastKnownFileType = sourcecode.swift; path = SWImage.swift; sourceTree = "<group>"; };
		AADFE660214A6E6F00A33925 /* UIStoryboardEx.swift */ = {isa = PBXFileReference; lastKnownFileType = sourcecode.swift; path = UIStoryboardEx.swift; sourceTree = "<group>"; };
		AADFE662214A6ECC00A33925 /* ListDetail.storyboard */ = {isa = PBXFileReference; lastKnownFileType = file.storyboard; path = ListDetail.storyboard; sourceTree = "<group>"; };
		AADFE666214A6FE900A33925 /* SWPeopleDetailView.swift */ = {isa = PBXFileReference; lastKnownFileType = sourcecode.swift; path = SWPeopleDetailView.swift; sourceTree = "<group>"; };
		AADFE668214A6FF600A33925 /* SWPlanetDetailView.swift */ = {isa = PBXFileReference; lastKnownFileType = sourcecode.swift; path = SWPlanetDetailView.swift; sourceTree = "<group>"; };
		AADFE66A214A700400A33925 /* SWStarshipDetailView.swift */ = {isa = PBXFileReference; lastKnownFileType = sourcecode.swift; path = SWStarshipDetailView.swift; sourceTree = "<group>"; };
		AADFE66C214A70F800A33925 /* SWPeopleDetailView.xib */ = {isa = PBXFileReference; lastKnownFileType = file.xib; path = SWPeopleDetailView.xib; sourceTree = "<group>"; };
		AADFE66E214A7A1900A33925 /* SWPlanetDetailView.xib */ = {isa = PBXFileReference; lastKnownFileType = file.xib; path = SWPlanetDetailView.xib; sourceTree = "<group>"; };
		AADFE670214A7A3000A33925 /* SWStarshipDetailView.xib */ = {isa = PBXFileReference; lastKnownFileType = file.xib; path = SWStarshipDetailView.xib; sourceTree = "<group>"; };
		AADFE675214ABA8200A33925 /* SWAboutMeHelper.swift */ = {isa = PBXFileReference; lastKnownFileType = sourcecode.swift; path = SWAboutMeHelper.swift; sourceTree = "<group>"; };
		AADFE677214ABB1900A33925 /* SWAboutMe.swift */ = {isa = PBXFileReference; lastKnownFileType = sourcecode.swift; path = SWAboutMe.swift; sourceTree = "<group>"; };
		AADFE67B214AEC4C00A33925 /* SWListViewControllerEx.swift */ = {isa = PBXFileReference; lastKnownFileType = sourcecode.swift; path = SWListViewControllerEx.swift; sourceTree = "<group>"; };
		AADFE67D214B8D8D00A33925 /* Colors.swift */ = {isa = PBXFileReference; lastKnownFileType = sourcecode.swift; path = Colors.swift; sourceTree = "<group>"; };
		AADFE681214B8E5E00A33925 /* Localizable.strings */ = {isa = PBXFileReference; lastKnownFileType = text.plist.strings; path = Localizable.strings; sourceTree = "<group>"; };
		AADFE683214B8E7D00A33925 /* StringEx.swift */ = {isa = PBXFileReference; lastKnownFileType = sourcecode.swift; path = StringEx.swift; sourceTree = "<group>"; };
/* End PBXFileReference section */

/* Begin PBXFrameworksBuildPhase section */
		AADFE5F621496CA100A33925 /* Frameworks */ = {
			isa = PBXFrameworksBuildPhase;
			buildActionMask = 2147483647;
			files = (
				AADFE6442149844800A33925 /* Alamofire.framework in Frameworks */,
			);
			runOnlyForDeploymentPostprocessing = 0;
		};
		AADFE60D21496CA200A33925 /* Frameworks */ = {
			isa = PBXFrameworksBuildPhase;
			buildActionMask = 2147483647;
			files = (
			);
			runOnlyForDeploymentPostprocessing = 0;
		};
		AADFE61821496CA200A33925 /* Frameworks */ = {
			isa = PBXFrameworksBuildPhase;
			buildActionMask = 2147483647;
			files = (
			);
			runOnlyForDeploymentPostprocessing = 0;
		};
/* End PBXFrameworksBuildPhase section */

/* Begin PBXGroup section */
		AADFE5F021496CA100A33925 = {
			isa = PBXGroup;
			children = (
				AADFE5FB21496CA100A33925 /* TheLastJedi */,
				AADFE61321496CA200A33925 /* TheLastJediTests */,
				AADFE61E21496CA200A33925 /* TheLastJediUITests */,
				AADFE5FA21496CA100A33925 /* Products */,
				AADFE6422149844800A33925 /* Frameworks */,
			);
			sourceTree = "<group>";
		};
		AADFE5FA21496CA100A33925 /* Products */ = {
			isa = PBXGroup;
			children = (
				AADFE5F921496CA100A33925 /* TheLastJedi.app */,
				AADFE61021496CA200A33925 /* TheLastJediTests.xctest */,
				AADFE61B21496CA200A33925 /* TheLastJediUITests.xctest */,
			);
			name = Products;
			sourceTree = "<group>";
		};
		AADFE5FB21496CA100A33925 /* TheLastJedi */ = {
			isa = PBXGroup;
			children = (
				AADFE62D21496D2500A33925 /* Model */,
				AADFE62E21496D2C00A33925 /* View */,
				AADFE62F21496D3300A33925 /* Controller */,
				AADFE63D2149717600A33925 /* Extensions */,
				AADFE63E2149718200A33925 /* Utils */,
				AADFE63F2149719800A33925 /* Supporting files */,
				AADFE60321496CA100A33925 /* TheLastJedi.xcdatamodeld */,
			);
			path = TheLastJedi;
			sourceTree = "<group>";
		};
		AADFE61321496CA200A33925 /* TheLastJediTests */ = {
			isa = PBXGroup;
			children = (
				AADFE61421496CA200A33925 /* TheLastJediTests.swift */,
				AADFE61621496CA200A33925 /* Info.plist */,
			);
			path = TheLastJediTests;
			sourceTree = "<group>";
		};
		AADFE61E21496CA200A33925 /* TheLastJediUITests */ = {
			isa = PBXGroup;
			children = (
				AADFE61F21496CA200A33925 /* TheLastJediUITests.swift */,
				AADFE62121496CA200A33925 /* Info.plist */,
			);
			path = TheLastJediUITests;
			sourceTree = "<group>";
		};
		AADFE62D21496D2500A33925 /* Model */ = {
			isa = PBXGroup;
			children = (
				AADFE6472149857700A33925 /* NetworkManager.swift */,
				AADFE64B2149884B00A33925 /* SWPeople.swift */,
				AADFE64D2149885800A33925 /* SWPlanet.swift */,
				AADFE64F2149886600A33925 /* SWStarship.swift */,
				AADFE65E214A43DC00A33925 /* SWImage.swift */,
				AADFE677214ABB1900A33925 /* SWAboutMe.swift */,
			);
			path = Model;
			sourceTree = "<group>";
		};
		AADFE62E21496D2C00A33925 /* View */ = {
			isa = PBXGroup;
			children = (
				AADFE665214A6F8900A33925 /* ListViews */,
				AADFE664214A6F4600A33925 /* ListDetailViews */,
				AADFE63221496EBB00A33925 /* Cells */,
				AADFE65B214A344800A33925 /* Storyboards */,
			);
			path = View;
			sourceTree = "<group>";
		};
		AADFE62F21496D3300A33925 /* Controller */ = {
			isa = PBXGroup;
			children = (
				AADFE5FE21496CA100A33925 /* SWListViewController.swift */,
				AADFE64021497EE400A33925 /* SWListDetailViewController.swift */,
				AADFE63021496D8600A33925 /* SWAboutMeViewController.swift */,
			);
			path = Controller;
			sourceTree = "<group>";
		};
		AADFE63221496EBB00A33925 /* Cells */ = {
			isa = PBXGroup;
			children = (
				AADFE63321496EFB00A33925 /* SWPeopleCell.swift */,
				AADFE63421496EFB00A33925 /* SWPeopleCell.xib */,
				AADFE6532149975600A33925 /* SWPlanetCell.swift */,
				AADFE6542149975600A33925 /* SWPlanetCell.xib */,
				AADFE6572149976900A33925 /* SWStarshipCell.swift */,
				AADFE6582149976900A33925 /* SWStarshipCell.xib */,
			);
			path = Cells;
			sourceTree = "<group>";
		};
		AADFE63D2149717600A33925 /* Extensions */ = {
			isa = PBXGroup;
			children = (
				AADFE65C214A38C900A33925 /* UIImageViewEx.swift */,
				AADFE660214A6E6F00A33925 /* UIStoryboardEx.swift */,
				AADFE67B214AEC4C00A33925 /* SWListViewControllerEx.swift */,
				AADFE683214B8E7D00A33925 /* StringEx.swift */,
				AA9EA215214BBFCF00DD1AE1 /* UIViewControllerEx.swift */,
			);
			path = Extensions;
			sourceTree = "<group>";
		};
		AADFE63E2149718200A33925 /* Utils */ = {
			isa = PBXGroup;
			children = (
				AADFE67D214B8D8D00A33925 /* Colors.swift */,
				AADFE6492149876800A33925 /* Constants.swift */,
				AA9EA213214BB8ED00DD1AE1 /* LoadingIndicator.swift */,
				AADFE65121498A7E00A33925 /* SWListHelper.swift */,
				AADFE675214ABA8200A33925 /* SWAboutMeHelper.swift */,
			);
			path = Utils;
			sourceTree = "<group>";
		};
		AADFE63F2149719800A33925 /* Supporting files */ = {
			isa = PBXGroup;
			children = (
				AADFE60B21496CA100A33925 /* Info.plist */,
				AADFE60621496CA100A33925 /* Assets.xcassets */,
				AADFE5FC21496CA100A33925 /* AppDelegate.swift */,
				AADFE681214B8E5E00A33925 /* Localizable.strings */,
			);
			path = "Supporting files";
			sourceTree = "<group>";
		};
		AADFE6422149844800A33925 /* Frameworks */ = {
			isa = PBXGroup;
			children = (
				AADFE6432149844800A33925 /* Alamofire.framework */,
			);
			name = Frameworks;
			sourceTree = "<group>";
		};
		AADFE65B214A344800A33925 /* Storyboards */ = {
			isa = PBXGroup;
			children = (
				AADFE60821496CA100A33925 /* LaunchScreen.storyboard */,
				AADFE60021496CA100A33925 /* Main.storyboard */,
				AADFE662214A6ECC00A33925 /* ListDetail.storyboard */,
			);
			path = Storyboards;
			sourceTree = "<group>";
		};
		AADFE664214A6F4600A33925 /* ListDetailViews */ = {
			isa = PBXGroup;
			children = (
				AADFE666214A6FE900A33925 /* SWPeopleDetailView.swift */,
				AADFE66C214A70F800A33925 /* SWPeopleDetailView.xib */,
				AADFE668214A6FF600A33925 /* SWPlanetDetailView.swift */,
				AADFE66E214A7A1900A33925 /* SWPlanetDetailView.xib */,
				AADFE66A214A700400A33925 /* SWStarshipDetailView.swift */,
				AADFE670214A7A3000A33925 /* SWStarshipDetailView.xib */,
			);
			path = ListDetailViews;
			sourceTree = "<group>";
		};
		AADFE665214A6F8900A33925 /* ListViews */ = {
			isa = PBXGroup;
			children = (
				AADFE639214970C800A33925 /* SWListButtonView.swift */,
			);
			path = ListViews;
			sourceTree = "<group>";
		};
/* End PBXGroup section */

/* Begin PBXNativeTarget section */
		AADFE5F821496CA100A33925 /* TheLastJedi */ = {
			isa = PBXNativeTarget;
			buildConfigurationList = AADFE62421496CA200A33925 /* Build configuration list for PBXNativeTarget "TheLastJedi" */;
			buildPhases = (
				AADFE5F521496CA100A33925 /* Sources */,
				AADFE5F621496CA100A33925 /* Frameworks */,
				AADFE5F721496CA100A33925 /* Resources */,
				AADFE646214984AC00A33925 /* ShellScript */,
			);
			buildRules = (
			);
			dependencies = (
			);
			name = TheLastJedi;
			productName = TheLastJedi;
			productReference = AADFE5F921496CA100A33925 /* TheLastJedi.app */;
			productType = "com.apple.product-type.application";
		};
		AADFE60F21496CA200A33925 /* TheLastJediTests */ = {
			isa = PBXNativeTarget;
			buildConfigurationList = AADFE62721496CA200A33925 /* Build configuration list for PBXNativeTarget "TheLastJediTests" */;
			buildPhases = (
				AADFE60C21496CA200A33925 /* Sources */,
				AADFE60D21496CA200A33925 /* Frameworks */,
				AADFE60E21496CA200A33925 /* Resources */,
			);
			buildRules = (
			);
			dependencies = (
				AADFE61221496CA200A33925 /* PBXTargetDependency */,
			);
			name = TheLastJediTests;
			productName = TheLastJediTests;
			productReference = AADFE61021496CA200A33925 /* TheLastJediTests.xctest */;
			productType = "com.apple.product-type.bundle.unit-test";
		};
		AADFE61A21496CA200A33925 /* TheLastJediUITests */ = {
			isa = PBXNativeTarget;
			buildConfigurationList = AADFE62A21496CA200A33925 /* Build configuration list for PBXNativeTarget "TheLastJediUITests" */;
			buildPhases = (
				AADFE61721496CA200A33925 /* Sources */,
				AADFE61821496CA200A33925 /* Frameworks */,
				AADFE61921496CA200A33925 /* Resources */,
			);
			buildRules = (
			);
			dependencies = (
				AADFE61D21496CA200A33925 /* PBXTargetDependency */,
			);
			name = TheLastJediUITests;
			productName = TheLastJediUITests;
			productReference = AADFE61B21496CA200A33925 /* TheLastJediUITests.xctest */;
			productType = "com.apple.product-type.bundle.ui-testing";
		};
/* End PBXNativeTarget section */

/* Begin PBXProject section */
		AADFE5F121496CA100A33925 /* Project object */ = {
			isa = PBXProject;
			attributes = {
				LastSwiftUpdateCheck = 0940;
				LastUpgradeCheck = 0940;
				ORGANIZATIONNAME = Move4Mobile;
				TargetAttributes = {
					AADFE5F821496CA100A33925 = {
						CreatedOnToolsVersion = 9.4.1;
					};
					AADFE60F21496CA200A33925 = {
						CreatedOnToolsVersion = 9.4.1;
						TestTargetID = AADFE5F821496CA100A33925;
					};
					AADFE61A21496CA200A33925 = {
						CreatedOnToolsVersion = 9.4.1;
						TestTargetID = AADFE5F821496CA100A33925;
					};
				};
			};
			buildConfigurationList = AADFE5F421496CA100A33925 /* Build configuration list for PBXProject "TheLastJedi" */;
			compatibilityVersion = "Xcode 9.3";
			developmentRegion = en;
			hasScannedForEncodings = 0;
			knownRegions = (
				en,
				Base,
			);
			mainGroup = AADFE5F021496CA100A33925;
			productRefGroup = AADFE5FA21496CA100A33925 /* Products */;
			projectDirPath = "";
			projectRoot = "";
			targets = (
				AADFE5F821496CA100A33925 /* TheLastJedi */,
				AADFE60F21496CA200A33925 /* TheLastJediTests */,
				AADFE61A21496CA200A33925 /* TheLastJediUITests */,
			);
		};
/* End PBXProject section */

/* Begin PBXResourcesBuildPhase section */
		AADFE5F721496CA100A33925 /* Resources */ = {
			isa = PBXResourcesBuildPhase;
			buildActionMask = 2147483647;
			files = (
				AADFE60A21496CA100A33925 /* LaunchScreen.storyboard in Resources */,
				AADFE671214A7A3000A33925 /* SWStarshipDetailView.xib in Resources */,
				AADFE682214B8E5E00A33925 /* Localizable.strings in Resources */,
				AADFE65A2149976900A33925 /* SWStarshipCell.xib in Resources */,
				AADFE63621496EFB00A33925 /* SWPeopleCell.xib in Resources */,
				AADFE663214A6ECC00A33925 /* ListDetail.storyboard in Resources */,
				AADFE66D214A70F800A33925 /* SWPeopleDetailView.xib in Resources */,
				AADFE60721496CA100A33925 /* Assets.xcassets in Resources */,
				AADFE60221496CA100A33925 /* Main.storyboard in Resources */,
				AADFE6562149975600A33925 /* SWPlanetCell.xib in Resources */,
				AADFE66F214A7A1900A33925 /* SWPlanetDetailView.xib in Resources */,
			);
			runOnlyForDeploymentPostprocessing = 0;
		};
		AADFE60E21496CA200A33925 /* Resources */ = {
			isa = PBXResourcesBuildPhase;
			buildActionMask = 2147483647;
			files = (
			);
			runOnlyForDeploymentPostprocessing = 0;
		};
		AADFE61921496CA200A33925 /* Resources */ = {
			isa = PBXResourcesBuildPhase;
			buildActionMask = 2147483647;
			files = (
			);
			runOnlyForDeploymentPostprocessing = 0;
		};
/* End PBXResourcesBuildPhase section */

/* Begin PBXShellScriptBuildPhase section */
		AADFE646214984AC00A33925 /* ShellScript */ = {
			isa = PBXShellScriptBuildPhase;
			buildActionMask = 2147483647;
			files = (
			);
			inputPaths = (
				"$(SRCROOT)/Carthage/Build/iOS/Alamofire.framework",
			);
			outputPaths = (
			);
			runOnlyForDeploymentPostprocessing = 0;
			shellPath = /bin/sh;
			shellScript = "/usr/local/bin/carthage copy-frameworks";
		};
/* End PBXShellScriptBuildPhase section */

/* Begin PBXSourcesBuildPhase section */
		AADFE5F521496CA100A33925 /* Sources */ = {
			isa = PBXSourcesBuildPhase;
			buildActionMask = 2147483647;
			files = (
				AA9EA214214BB8ED00DD1AE1 /* LoadingIndicator.swift in Sources */,
				AADFE63B214970C800A33925 /* SWListButtonView.swift in Sources */,
				AADFE67C214AEC4C00A33925 /* SWListViewControllerEx.swift in Sources */,
				AADFE667214A6FE900A33925 /* SWPeopleDetailView.swift in Sources */,
				AADFE65221498A7E00A33925 /* SWListHelper.swift in Sources */,
				AADFE66B214A700400A33925 /* SWStarshipDetailView.swift in Sources */,
				AADFE5FF21496CA100A33925 /* SWListViewController.swift in Sources */,
				AADFE67E214B8D8D00A33925 /* Colors.swift in Sources */,
				AADFE60521496CA100A33925 /* TheLastJedi.xcdatamodeld in Sources */,
				AA9EA216214BBFCF00DD1AE1 /* UIViewControllerEx.swift in Sources */,
				AADFE676214ABA8200A33925 /* SWAboutMeHelper.swift in Sources */,
				AADFE6502149886600A33925 /* SWStarship.swift in Sources */,
				AADFE661214A6E6F00A33925 /* UIStoryboardEx.swift in Sources */,
				AADFE669214A6FF600A33925 /* SWPlanetDetailView.swift in Sources */,
				AADFE63121496D8600A33925 /* SWAboutMeViewController.swift in Sources */,
				AADFE64E2149885800A33925 /* SWPlanet.swift in Sources */,
				AADFE6482149857700A33925 /* NetworkManager.swift in Sources */,
				AADFE65D214A38C900A33925 /* UIImageViewEx.swift in Sources */,
				AADFE6592149976900A33925 /* SWStarshipCell.swift in Sources */,
				AADFE678214ABB1900A33925 /* SWAboutMe.swift in Sources */,
				AADFE63521496EFB00A33925 /* SWPeopleCell.swift in Sources */,
				AADFE64C2149884B00A33925 /* SWPeople.swift in Sources */,
				AADFE684214B8E7D00A33925 /* StringEx.swift in Sources */,
				AADFE5FD21496CA100A33925 /* AppDelegate.swift in Sources */,
				AADFE64121497EE400A33925 /* SWListDetailViewController.swift in Sources */,
				AADFE64A2149876800A33925 /* Constants.swift in Sources */,
				AADFE6552149975600A33925 /* SWPlanetCell.swift in Sources */,
				AADFE65F214A43DC00A33925 /* SWImage.swift in Sources */,
			);
			runOnlyForDeploymentPostprocessing = 0;
		};
		AADFE60C21496CA200A33925 /* Sources */ = {
			isa = PBXSourcesBuildPhase;
			buildActionMask = 2147483647;
			files = (
				AADFE61521496CA200A33925 /* TheLastJediTests.swift in Sources */,
			);
			runOnlyForDeploymentPostprocessing = 0;
		};
		AADFE61721496CA200A33925 /* Sources */ = {
			isa = PBXSourcesBuildPhase;
			buildActionMask = 2147483647;
			files = (
				AADFE62021496CA200A33925 /* TheLastJediUITests.swift in Sources */,
			);
			runOnlyForDeploymentPostprocessing = 0;
		};
/* End PBXSourcesBuildPhase section */

/* Begin PBXTargetDependency section */
		AADFE61221496CA200A33925 /* PBXTargetDependency */ = {
			isa = PBXTargetDependency;
			target = AADFE5F821496CA100A33925 /* TheLastJedi */;
			targetProxy = AADFE61121496CA200A33925 /* PBXContainerItemProxy */;
		};
		AADFE61D21496CA200A33925 /* PBXTargetDependency */ = {
			isa = PBXTargetDependency;
			target = AADFE5F821496CA100A33925 /* TheLastJedi */;
			targetProxy = AADFE61C21496CA200A33925 /* PBXContainerItemProxy */;
		};
/* End PBXTargetDependency section */

/* Begin PBXVariantGroup section */
		AADFE60021496CA100A33925 /* Main.storyboard */ = {
			isa = PBXVariantGroup;
			children = (
				AADFE60121496CA100A33925 /* Base */,
			);
			name = Main.storyboard;
			sourceTree = "<group>";
		};
		AADFE60821496CA100A33925 /* LaunchScreen.storyboard */ = {
			isa = PBXVariantGroup;
			children = (
				AADFE60921496CA100A33925 /* Base */,
			);
			name = LaunchScreen.storyboard;
			sourceTree = "<group>";
		};
/* End PBXVariantGroup section */

/* Begin XCBuildConfiguration section */
		AADFE62221496CA200A33925 /* Debug */ = {
			isa = XCBuildConfiguration;
			buildSettings = {
				ALWAYS_SEARCH_USER_PATHS = NO;
				CLANG_ANALYZER_NONNULL = YES;
				CLANG_ANALYZER_NUMBER_OBJECT_CONVERSION = YES_AGGRESSIVE;
				CLANG_CXX_LANGUAGE_STANDARD = "gnu++14";
				CLANG_CXX_LIBRARY = "libc++";
				CLANG_ENABLE_MODULES = YES;
				CLANG_ENABLE_OBJC_ARC = YES;
				CLANG_ENABLE_OBJC_WEAK = YES;
				CLANG_WARN_BLOCK_CAPTURE_AUTORELEASING = YES;
				CLANG_WARN_BOOL_CONVERSION = YES;
				CLANG_WARN_COMMA = YES;
				CLANG_WARN_CONSTANT_CONVERSION = YES;
				CLANG_WARN_DEPRECATED_OBJC_IMPLEMENTATIONS = YES;
				CLANG_WARN_DIRECT_OBJC_ISA_USAGE = YES_ERROR;
				CLANG_WARN_DOCUMENTATION_COMMENTS = YES;
				CLANG_WARN_EMPTY_BODY = YES;
				CLANG_WARN_ENUM_CONVERSION = YES;
				CLANG_WARN_INFINITE_RECURSION = YES;
				CLANG_WARN_INT_CONVERSION = YES;
				CLANG_WARN_NON_LITERAL_NULL_CONVERSION = YES;
				CLANG_WARN_OBJC_IMPLICIT_RETAIN_SELF = YES;
				CLANG_WARN_OBJC_LITERAL_CONVERSION = YES;
				CLANG_WARN_OBJC_ROOT_CLASS = YES_ERROR;
				CLANG_WARN_RANGE_LOOP_ANALYSIS = YES;
				CLANG_WARN_STRICT_PROTOTYPES = YES;
				CLANG_WARN_SUSPICIOUS_MOVE = YES;
				CLANG_WARN_UNGUARDED_AVAILABILITY = YES_AGGRESSIVE;
				CLANG_WARN_UNREACHABLE_CODE = YES;
				CLANG_WARN__DUPLICATE_METHOD_MATCH = YES;
				CODE_SIGN_IDENTITY = "iPhone Developer";
				COPY_PHASE_STRIP = NO;
				DEBUG_INFORMATION_FORMAT = dwarf;
				ENABLE_STRICT_OBJC_MSGSEND = YES;
				ENABLE_TESTABILITY = YES;
				GCC_C_LANGUAGE_STANDARD = gnu11;
				GCC_DYNAMIC_NO_PIC = NO;
				GCC_NO_COMMON_BLOCKS = YES;
				GCC_OPTIMIZATION_LEVEL = 0;
				GCC_PREPROCESSOR_DEFINITIONS = (
					"DEBUG=1",
					"$(inherited)",
				);
				GCC_WARN_64_TO_32_BIT_CONVERSION = YES;
				GCC_WARN_ABOUT_RETURN_TYPE = YES_ERROR;
				GCC_WARN_UNDECLARED_SELECTOR = YES;
				GCC_WARN_UNINITIALIZED_AUTOS = YES_AGGRESSIVE;
				GCC_WARN_UNUSED_FUNCTION = YES;
				GCC_WARN_UNUSED_VARIABLE = YES;
				IPHONEOS_DEPLOYMENT_TARGET = 11.4;
				MTL_ENABLE_DEBUG_INFO = YES;
				ONLY_ACTIVE_ARCH = YES;
				SDKROOT = iphoneos;
				SWIFT_ACTIVE_COMPILATION_CONDITIONS = DEBUG;
				SWIFT_OPTIMIZATION_LEVEL = "-Onone";
			};
			name = Debug;
		};
		AADFE62321496CA200A33925 /* Release */ = {
			isa = XCBuildConfiguration;
			buildSettings = {
				ALWAYS_SEARCH_USER_PATHS = NO;
				CLANG_ANALYZER_NONNULL = YES;
				CLANG_ANALYZER_NUMBER_OBJECT_CONVERSION = YES_AGGRESSIVE;
				CLANG_CXX_LANGUAGE_STANDARD = "gnu++14";
				CLANG_CXX_LIBRARY = "libc++";
				CLANG_ENABLE_MODULES = YES;
				CLANG_ENABLE_OBJC_ARC = YES;
				CLANG_ENABLE_OBJC_WEAK = YES;
				CLANG_WARN_BLOCK_CAPTURE_AUTORELEASING = YES;
				CLANG_WARN_BOOL_CONVERSION = YES;
				CLANG_WARN_COMMA = YES;
				CLANG_WARN_CONSTANT_CONVERSION = YES;
				CLANG_WARN_DEPRECATED_OBJC_IMPLEMENTATIONS = YES;
				CLANG_WARN_DIRECT_OBJC_ISA_USAGE = YES_ERROR;
				CLANG_WARN_DOCUMENTATION_COMMENTS = YES;
				CLANG_WARN_EMPTY_BODY = YES;
				CLANG_WARN_ENUM_CONVERSION = YES;
				CLANG_WARN_INFINITE_RECURSION = YES;
				CLANG_WARN_INT_CONVERSION = YES;
				CLANG_WARN_NON_LITERAL_NULL_CONVERSION = YES;
				CLANG_WARN_OBJC_IMPLICIT_RETAIN_SELF = YES;
				CLANG_WARN_OBJC_LITERAL_CONVERSION = YES;
				CLANG_WARN_OBJC_ROOT_CLASS = YES_ERROR;
				CLANG_WARN_RANGE_LOOP_ANALYSIS = YES;
				CLANG_WARN_STRICT_PROTOTYPES = YES;
				CLANG_WARN_SUSPICIOUS_MOVE = YES;
				CLANG_WARN_UNGUARDED_AVAILABILITY = YES_AGGRESSIVE;
				CLANG_WARN_UNREACHABLE_CODE = YES;
				CLANG_WARN__DUPLICATE_METHOD_MATCH = YES;
				CODE_SIGN_IDENTITY = "iPhone Developer";
				COPY_PHASE_STRIP = NO;
				DEBUG_INFORMATION_FORMAT = "dwarf-with-dsym";
				ENABLE_NS_ASSERTIONS = NO;
				ENABLE_STRICT_OBJC_MSGSEND = YES;
				GCC_C_LANGUAGE_STANDARD = gnu11;
				GCC_NO_COMMON_BLOCKS = YES;
				GCC_WARN_64_TO_32_BIT_CONVERSION = YES;
				GCC_WARN_ABOUT_RETURN_TYPE = YES_ERROR;
				GCC_WARN_UNDECLARED_SELECTOR = YES;
				GCC_WARN_UNINITIALIZED_AUTOS = YES_AGGRESSIVE;
				GCC_WARN_UNUSED_FUNCTION = YES;
				GCC_WARN_UNUSED_VARIABLE = YES;
				IPHONEOS_DEPLOYMENT_TARGET = 11.4;
				MTL_ENABLE_DEBUG_INFO = NO;
				SDKROOT = iphoneos;
				SWIFT_COMPILATION_MODE = wholemodule;
				SWIFT_OPTIMIZATION_LEVEL = "-O";
				VALIDATE_PRODUCT = YES;
			};
			name = Release;
		};
		AADFE62521496CA200A33925 /* Debug */ = {
			isa = XCBuildConfiguration;
			buildSettings = {
				ASSETCATALOG_COMPILER_APPICON_NAME = AppIcon;
				CODE_SIGN_STYLE = Automatic;
				DEVELOPMENT_TEAM = 6M7C6U48HK;
				FRAMEWORK_SEARCH_PATHS = (
					"$(inherited)",
					"$(PROJECT_DIR)/Carthage/Build/iOS",
				);
				INFOPLIST_FILE = "$(SRCROOT)/TheLastJedi/Supporting files/Info.plist";
				LD_RUNPATH_SEARCH_PATHS = (
					"$(inherited)",
					"@executable_path/Frameworks",
				);
				PRODUCT_BUNDLE_IDENTIFIER = com.move4mobile.TheLastJedi;
				PRODUCT_NAME = "$(TARGET_NAME)";
				SWIFT_VERSION = 4.0;
				TARGETED_DEVICE_FAMILY = "1,2";
			};
			name = Debug;
		};
		AADFE62621496CA200A33925 /* Release */ = {
			isa = XCBuildConfiguration;
			buildSettings = {
				ASSETCATALOG_COMPILER_APPICON_NAME = AppIcon;
				CODE_SIGN_STYLE = Automatic;
				DEVELOPMENT_TEAM = 6M7C6U48HK;
				FRAMEWORK_SEARCH_PATHS = (
					"$(inherited)",
					"$(PROJECT_DIR)/Carthage/Build/iOS",
				);
				INFOPLIST_FILE = "$(SRCROOT)/TheLastJedi/Supporting files/Info.plist";
				LD_RUNPATH_SEARCH_PATHS = (
					"$(inherited)",
					"@executable_path/Frameworks",
				);
				PRODUCT_BUNDLE_IDENTIFIER = com.move4mobile.TheLastJedi;
				PRODUCT_NAME = "$(TARGET_NAME)";
				SWIFT_VERSION = 4.0;
				TARGETED_DEVICE_FAMILY = "1,2";
			};
			name = Release;
		};
		AADFE62821496CA200A33925 /* Debug */ = {
			isa = XCBuildConfiguration;
			buildSettings = {
				ALWAYS_EMBED_SWIFT_STANDARD_LIBRARIES = YES;
				BUNDLE_LOADER = "$(TEST_HOST)";
				CODE_SIGN_STYLE = Automatic;
				DEVELOPMENT_TEAM = YQ62CYT4B3;
				INFOPLIST_FILE = TheLastJediTests/Info.plist;
				LD_RUNPATH_SEARCH_PATHS = (
					"$(inherited)",
					"@executable_path/Frameworks",
					"@loader_path/Frameworks",
				);
				PRODUCT_BUNDLE_IDENTIFIER = com.move4mobile.TheLastJediTests;
				PRODUCT_NAME = "$(TARGET_NAME)";
				SWIFT_VERSION = 4.0;
				TARGETED_DEVICE_FAMILY = "1,2";
				TEST_HOST = "$(BUILT_PRODUCTS_DIR)/TheLastJedi.app/TheLastJedi";
			};
			name = Debug;
		};
		AADFE62921496CA200A33925 /* Release */ = {
			isa = XCBuildConfiguration;
			buildSettings = {
				ALWAYS_EMBED_SWIFT_STANDARD_LIBRARIES = YES;
				BUNDLE_LOADER = "$(TEST_HOST)";
				CODE_SIGN_STYLE = Automatic;
				DEVELOPMENT_TEAM = YQ62CYT4B3;
				INFOPLIST_FILE = TheLastJediTests/Info.plist;
				LD_RUNPATH_SEARCH_PATHS = (
					"$(inherited)",
					"@executable_path/Frameworks",
					"@loader_path/Frameworks",
				);
				PRODUCT_BUNDLE_IDENTIFIER = com.move4mobile.TheLastJediTests;
				PRODUCT_NAME = "$(TARGET_NAME)";
				SWIFT_VERSION = 4.0;
				TARGETED_DEVICE_FAMILY = "1,2";
				TEST_HOST = "$(BUILT_PRODUCTS_DIR)/TheLastJedi.app/TheLastJedi";
			};
			name = Release;
		};
		AADFE62B21496CA200A33925 /* Debug */ = {
			isa = XCBuildConfiguration;
			buildSettings = {
				ALWAYS_EMBED_SWIFT_STANDARD_LIBRARIES = YES;
				CODE_SIGN_STYLE = Automatic;
				DEVELOPMENT_TEAM = YQ62CYT4B3;
				INFOPLIST_FILE = TheLastJediUITests/Info.plist;
				LD_RUNPATH_SEARCH_PATHS = (
					"$(inherited)",
					"@executable_path/Frameworks",
					"@loader_path/Frameworks",
				);
				PRODUCT_BUNDLE_IDENTIFIER = com.move4mobile.TheLastJediUITests;
				PRODUCT_NAME = "$(TARGET_NAME)";
				SWIFT_VERSION = 4.0;
				TARGETED_DEVICE_FAMILY = "1,2";
				TEST_TARGET_NAME = TheLastJedi;
			};
			name = Debug;
		};
		AADFE62C21496CA200A33925 /* Release */ = {
			isa = XCBuildConfiguration;
			buildSettings = {
				ALWAYS_EMBED_SWIFT_STANDARD_LIBRARIES = YES;
				CODE_SIGN_STYLE = Automatic;
				DEVELOPMENT_TEAM = YQ62CYT4B3;
				INFOPLIST_FILE = TheLastJediUITests/Info.plist;
				LD_RUNPATH_SEARCH_PATHS = (
					"$(inherited)",
					"@executable_path/Frameworks",
					"@loader_path/Frameworks",
				);
				PRODUCT_BUNDLE_IDENTIFIER = com.move4mobile.TheLastJediUITests;
				PRODUCT_NAME = "$(TARGET_NAME)";
				SWIFT_VERSION = 4.0;
				TARGETED_DEVICE_FAMILY = "1,2";
				TEST_TARGET_NAME = TheLastJedi;
			};
			name = Release;
		};
/* End XCBuildConfiguration section */

/* Begin XCConfigurationList section */
		AADFE5F421496CA100A33925 /* Build configuration list for PBXProject "TheLastJedi" */ = {
			isa = XCConfigurationList;
			buildConfigurations = (
				AADFE62221496CA200A33925 /* Debug */,
				AADFE62321496CA200A33925 /* Release */,
			);
			defaultConfigurationIsVisible = 0;
			defaultConfigurationName = Release;
		};
		AADFE62421496CA200A33925 /* Build configuration list for PBXNativeTarget "TheLastJedi" */ = {
			isa = XCConfigurationList;
			buildConfigurations = (
				AADFE62521496CA200A33925 /* Debug */,
				AADFE62621496CA200A33925 /* Release */,
			);
			defaultConfigurationIsVisible = 0;
			defaultConfigurationName = Release;
		};
		AADFE62721496CA200A33925 /* Build configuration list for PBXNativeTarget "TheLastJediTests" */ = {
			isa = XCConfigurationList;
			buildConfigurations = (
				AADFE62821496CA200A33925 /* Debug */,
				AADFE62921496CA200A33925 /* Release */,
			);
			defaultConfigurationIsVisible = 0;
			defaultConfigurationName = Release;
		};
		AADFE62A21496CA200A33925 /* Build configuration list for PBXNativeTarget "TheLastJediUITests" */ = {
			isa = XCConfigurationList;
			buildConfigurations = (
				AADFE62B21496CA200A33925 /* Debug */,
				AADFE62C21496CA200A33925 /* Release */,
			);
			defaultConfigurationIsVisible = 0;
			defaultConfigurationName = Release;
		};
/* End XCConfigurationList section */

/* Begin XCVersionGroup section */
		AADFE60321496CA100A33925 /* TheLastJedi.xcdatamodeld */ = {
			isa = XCVersionGroup;
			children = (
				AADFE60421496CA100A33925 /* TheLastJedi.xcdatamodel */,
			);
			currentVersion = AADFE60421496CA100A33925 /* TheLastJedi.xcdatamodel */;
			path = TheLastJedi.xcdatamodeld;
			sourceTree = "<group>";
			versionGroupType = wrapper.xcdatamodel;
		};
/* End XCVersionGroup section */
	};
	rootObject = AADFE5F121496CA100A33925 /* Project object */;
}
